
Microsoft Visual Studio Solution File, Format Version 12.00
# Visual Studio Version 17
VisualStudioVersion = 17.9.34622.214
MinimumVisualStudioVersion = 10.0.40219.1
Project("{FAE04EC0-301F-11D3-BF4B-00C04F79EFBC}") = "TEAapp", "TEAapp\TEAapp.csproj", "{3CA4A1E1-CED6-4DCF-BD5A-DE3AF255FDED}"
EndProject
Global
	GlobalSection(SolutionConfigurationPlatforms) = preSolution
		Debug|Any CPU = Debug|Any CPU
		Release|Any CPU = Release|Any CPU
	EndGlobalSection
	GlobalSection(ProjectConfigurationPlatforms) = postSolution
		{3CA4A1E1-CED6-4DCF-BD5A-DE3AF255FDED}.Debug|Any CPU.ActiveCfg = Debug|Any CPU
		{3CA4A1E1-CED6-4DCF-BD5A-DE3AF255FDED}.Debug|Any CPU.Build.0 = Debug|Any CPU
		{3CA4A1E1-CED6-4DCF-BD5A-DE3AF255FDED}.Release|Any CPU.ActiveCfg = Release|Any CPU
		{3CA4A1E1-CED6-4DCF-BD5A-DE3AF255FDED}.Release|Any CPU.Build.0 = Release|Any CPU
	EndGlobalSection
	GlobalSection(SolutionProperties) = preSolution
		HideSolutionNode = FALSE
	EndGlobalSection
	GlobalSection(ExtensibilityGlobals) = postSolution
		SolutionGuid = {1A72CAF6-9BE6-45CF-8B17-24A8A269A632}
	EndGlobalSection
EndGlobal
